
Microsoft Visual Studio Solution File, Format Version 12.00
# Visual Studio Version 17
VisualStudioVersion = 17.9.34728.123
MinimumVisualStudioVersion = 10.0.40219.1
Project("{9A19103F-16F7-4668-BE54-9A1E7A4F7556}") = "Carbon.API", "Carbon\Carbon.API.csproj", "{3412A869-C3A6-41D0-914D-3FCFE6748105}"
EndProject
Project("{FAE04EC0-301F-11D3-BF4B-00C04F79EFBC}") = "Carbon.Service", "Carbon.Service\Carbon.Service.csproj", "{831AE286-CE72-4D7E-9497-BC00E3BBFC5C}"
EndProject
Project("{FAE04EC0-301F-11D3-BF4B-00C04F79EFBC}") = "Carbon.Utility", "Carbon.Utility\Carbon.Utility.csproj", "{647C4609-8AB3-4C84-BE8E-112ABF31CCD2}"
EndProject
Project("{FAE04EC0-301F-11D3-BF4B-00C04F79EFBC}") = "Carbon.Mediator", "Carbon.Mediator\Carbon.Mediator.csproj", "{01AD0E7E-21D1-4C2C-A685-B6065B725237}"
EndProject
Project("{FAE04EC0-301F-11D3-BF4B-00C04F79EFBC}") = "Carbon.Data", "Carbon.Data\Carbon.Data.csproj", "{75E410EE-40CD-4167-ACC5-4487BFDD4C69}"
EndProject
Global
	GlobalSection(SolutionConfigurationPlatforms) = preSolution
		Debug|Any CPU = Debug|Any CPU
		Release|Any CPU = Release|Any CPU
	EndGlobalSection
	GlobalSection(ProjectConfigurationPlatforms) = postSolution
		{3412A869-C3A6-41D0-914D-3FCFE6748105}.Debug|Any CPU.ActiveCfg = Debug|Any CPU
		{3412A869-C3A6-41D0-914D-3FCFE6748105}.Debug|Any CPU.Build.0 = Debug|Any CPU
		{3412A869-C3A6-41D0-914D-3FCFE6748105}.Release|Any CPU.ActiveCfg = Release|Any CPU
		{3412A869-C3A6-41D0-914D-3FCFE6748105}.Release|Any CPU.Build.0 = Release|Any CPU
		{831AE286-CE72-4D7E-9497-BC00E3BBFC5C}.Debug|Any CPU.ActiveCfg = Debug|Any CPU
		{831AE286-CE72-4D7E-9497-BC00E3BBFC5C}.Debug|Any CPU.Build.0 = Debug|Any CPU
		{831AE286-CE72-4D7E-9497-BC00E3BBFC5C}.Release|Any CPU.ActiveCfg = Release|Any CPU
		{831AE286-CE72-4D7E-9497-BC00E3BBFC5C}.Release|Any CPU.Build.0 = Release|Any CPU
		{647C4609-8AB3-4C84-BE8E-112ABF31CCD2}.Debug|Any CPU.ActiveCfg = Debug|Any CPU
		{647C4609-8AB3-4C84-BE8E-112ABF31CCD2}.Debug|Any CPU.Build.0 = Debug|Any CPU
		{647C4609-8AB3-4C84-BE8E-112ABF31CCD2}.Release|Any CPU.ActiveCfg = Release|Any CPU
		{647C4609-8AB3-4C84-BE8E-112ABF31CCD2}.Release|Any CPU.Build.0 = Release|Any CPU
		{01AD0E7E-21D1-4C2C-A685-B6065B725237}.Debug|Any CPU.ActiveCfg = Debug|Any CPU
		{01AD0E7E-21D1-4C2C-A685-B6065B725237}.Debug|Any CPU.Build.0 = Debug|Any CPU
		{01AD0E7E-21D1-4C2C-A685-B6065B725237}.Release|Any CPU.ActiveCfg = Release|Any CPU
		{01AD0E7E-21D1-4C2C-A685-B6065B725237}.Release|Any CPU.Build.0 = Release|Any CPU
		{75E410EE-40CD-4167-ACC5-4487BFDD4C69}.Debug|Any CPU.ActiveCfg = Debug|Any CPU
		{75E410EE-40CD-4167-ACC5-4487BFDD4C69}.Debug|Any CPU.Build.0 = Debug|Any CPU
		{75E410EE-40CD-4167-ACC5-4487BFDD4C69}.Release|Any CPU.ActiveCfg = Release|Any CPU
		{75E410EE-40CD-4167-ACC5-4487BFDD4C69}.Release|Any CPU.Build.0 = Release|Any CPU
	EndGlobalSection
	GlobalSection(SolutionProperties) = preSolution
		HideSolutionNode = FALSE
	EndGlobalSection
	GlobalSection(ExtensibilityGlobals) = postSolution
		SolutionGuid = {1EDE0F9F-20B3-4EED-83DD-4DD4CD39FDDE}
	EndGlobalSection
EndGlobal
